
Microsoft Visual Studio Solution File, Format Version 12.00
# Visual Studio Version 17
VisualStudioVersion = 17.2.32630.192
MinimumVisualStudioVersion = 10.0.40219.1
Project("{FAE04EC0-301F-11D3-BF4B-00C04F79EFBC}") = "TestApp", "TestApp\TestApp.csproj", "{BA5E8968-A903-451A-8D00-6A359CD1F04B}"
EndProject
Global
	GlobalSection(SolutionConfigurationPlatforms) = preSolution
		Debug|Any CPU = Debug|Any CPU
		Release|Any CPU = Release|Any CPU
	EndGlobalSection
	GlobalSection(ProjectConfigurationPlatforms) = postSolution
		{BA5E8968-A903-451A-8D00-6A359CD1F04B}.Debug|Any CPU.ActiveCfg = Debug|Any CPU
		{BA5E8968-A903-451A-8D00-6A359CD1F04B}.Debug|Any CPU.Build.0 = Debug|Any CPU
		{BA5E8968-A903-451A-8D00-6A359CD1F04B}.Release|Any CPU.ActiveCfg = Release|Any CPU
		{BA5E8968-A903-451A-8D00-6A359CD1F04B}.Release|Any CPU.Build.0 = Release|Any CPU
	EndGlobalSection
	GlobalSection(SolutionProperties) = preSolution
		HideSolutionNode = FALSE
	EndGlobalSection
	GlobalSection(ExtensibilityGlobals) = postSolution
		SolutionGuid = {65F2EED1-C67B-43FC-B769-75111303E1A5}
	EndGlobalSection
EndGlobal
